// !$*UTF8*$!
{
	archiveVersion = 1;
	classes = {
	};
	objectVersion = 46;
	objects = {

/* Begin PBXBuildFile section */
		592E87341B1F67F5006670AE /* burritoYay.jpg in Resources */ = {isa = PBXBuildFile; fileRef = 592E87331B1F67F5006670AE /* burritoYay.jpg */; };
		592E87361B1F83D5006670AE /* LoginViewController.swift in Sources */ = {isa = PBXBuildFile; fileRef = 592E87351B1F83D5006670AE /* LoginViewController.swift */; };
		592E87381B1F962E006670AE /* CreateLoginViewController.swift in Sources */ = {isa = PBXBuildFile; fileRef = 592E87371B1F962E006670AE /* CreateLoginViewController.swift */; };
		592E873C1B20EEFE006670AE /* UserSettingsViewController.swift in Sources */ = {isa = PBXBuildFile; fileRef = 592E873B1B20EEFE006670AE /* UserSettingsViewController.swift */; };
		5935DEA71B2B185E003D0BDF /* MyBurritosViewController.swift in Sources */ = {isa = PBXBuildFile; fileRef = 5935DEA61B2B185E003D0BDF /* MyBurritosViewController.swift */; };
		5935DEA91B307741003D0BDF /* Main.storyboard in Resources */ = {isa = PBXBuildFile; fileRef = 5935DEA81B307741003D0BDF /* Main.storyboard */; };
		5948A0F61B4C79D000395FD5 /* ImageIO.framework in Frameworks */ = {isa = PBXBuildFile; fileRef = 5948A0F51B4C79D000395FD5 /* ImageIO.framework */; };
		5948A0F81B4C7A2A00395FD5 /* PPSwiftGifs.swift in Sources */ = {isa = PBXBuildFile; fileRef = 5948A0F71B4C7A2A00395FD5 /* PPSwiftGifs.swift */; };
		5986783D1AB917E500098902 /* BurritoTableViewController.swift in Sources */ = {isa = PBXBuildFile; fileRef = 5986783C1AB917E500098902 /* BurritoTableViewController.swift */; };
		598678411AB91C9900098902 /* BurritoTableViewCell.swift in Sources */ = {isa = PBXBuildFile; fileRef = 598678401AB91C9900098902 /* BurritoTableViewCell.swift */; };
		598681161B54159100FE9FE2 /* ShadowsIntoLightTwo-Regular.ttf in Resources */ = {isa = PBXBuildFile; fileRef = 598681141B5414F100FE9FE2 /* ShadowsIntoLightTwo-Regular.ttf */; };
		5986811D1B54190300FE9FE2 /* RobotoCondensed-Bold.ttf in Resources */ = {isa = PBXBuildFile; fileRef = 598681171B54190300FE9FE2 /* RobotoCondensed-Bold.ttf */; };
		5986811E1B54190300FE9FE2 /* RobotoCondensed-BoldItalic.ttf in Resources */ = {isa = PBXBuildFile; fileRef = 598681181B54190300FE9FE2 /* RobotoCondensed-BoldItalic.ttf */; };
		5986811F1B54190300FE9FE2 /* RobotoCondensed-Italic.ttf in Resources */ = {isa = PBXBuildFile; fileRef = 598681191B54190300FE9FE2 /* RobotoCondensed-Italic.ttf */; };
		598681201B54190300FE9FE2 /* RobotoCondensed-Light.ttf in Resources */ = {isa = PBXBuildFile; fileRef = 5986811A1B54190300FE9FE2 /* RobotoCondensed-Light.ttf */; };
		598681211B54190300FE9FE2 /* RobotoCondensed-LightItalic.ttf in Resources */ = {isa = PBXBuildFile; fileRef = 5986811B1B54190300FE9FE2 /* RobotoCondensed-LightItalic.ttf */; };
		598681221B54190300FE9FE2 /* RobotoCondensed-Regular.ttf in Resources */ = {isa = PBXBuildFile; fileRef = 5986811C1B54190300FE9FE2 /* RobotoCondensed-Regular.ttf */; };
		59A825541AB3AE0E00017ED8 /* AppDelegate.swift in Sources */ = {isa = PBXBuildFile; fileRef = 59A825531AB3AE0E00017ED8 /* AppDelegate.swift */; };
		59A825571AB3AE0E00017ED8 /* Breakfast_Burrito_Friday.xcdatamodeld in Sources */ = {isa = PBXBuildFile; fileRef = 59A825551AB3AE0E00017ED8 /* Breakfast_Burrito_Friday.xcdatamodeld */; };
		59A825591AB3AE0E00017ED8 /* ViewController.swift in Sources */ = {isa = PBXBuildFile; fileRef = 59A825581AB3AE0E00017ED8 /* ViewController.swift */; };
		59A8255E1AB3AE0E00017ED8 /* Images.xcassets in Resources */ = {isa = PBXBuildFile; fileRef = 59A8255D1AB3AE0E00017ED8 /* Images.xcassets */; };
		59A825611AB3AE0E00017ED8 /* LaunchScreen.xib in Resources */ = {isa = PBXBuildFile; fileRef = 59A8255F1AB3AE0E00017ED8 /* LaunchScreen.xib */; };
		59A8256D1AB3AE0E00017ED8 /* Breakfast_Burrito_FridayTests.swift in Sources */ = {isa = PBXBuildFile; fileRef = 59A8256C1AB3AE0E00017ED8 /* Breakfast_Burrito_FridayTests.swift */; };
		59C4A8E31B5F27C800D46B9C /* Burrito Me.png in Resources */ = {isa = PBXBuildFile; fileRef = 59C4A8DF1B5F27C800D46B9C /* Burrito Me.png */; };
		59C4A8E41B5F27C800D46B9C /* Settings.png in Resources */ = {isa = PBXBuildFile; fileRef = 59C4A8E01B5F27C800D46B9C /* Settings.png */; };
		59C4A8E51B5F27C800D46B9C /* Team.png in Resources */ = {isa = PBXBuildFile; fileRef = 59C4A8E11B5F27C800D46B9C /* Team.png */; };
		59C4A8E61B5F27C800D46B9C /* Stats.png in Resources */ = {isa = PBXBuildFile; fileRef = 59C4A8E21B5F27C800D46B9C /* Stats.png */; };
		59C4A8E81B61313D00D46B9C /* TeamViewController.swift in Sources */ = {isa = PBXBuildFile; fileRef = 59C4A8E71B61313D00D46B9C /* TeamViewController.swift */; };
		945B1AE8AEE596A01C9FCFAA /* libPods.a in Frameworks */ = {isa = PBXBuildFile; fileRef = 2503D42C9CDB7EFEB0302620 /* libPods.a */; };
		C450DAB91DD7689B37DC527B /* Pods_Breakfast_Burrito_FridayTests.framework in Frameworks */ = {isa = PBXBuildFile; fileRef = 25BAD859BEB6BB2201D19E8A /* Pods_Breakfast_Burrito_FridayTests.framework */; settings = {ATTRIBUTES = (Weak, ); }; };
		FF9FA3B2F5E3E4CF97465ED4 /* Pods_Breakfast_Burrito_Friday.framework in Frameworks */ = {isa = PBXBuildFile; fileRef = 133B1B1E3B5585545AA16C49 /* Pods_Breakfast_Burrito_Friday.framework */; settings = {ATTRIBUTES = (Weak, ); }; };
/* End PBXBuildFile section */

/* Begin PBXContainerItemProxy section */
		59A825671AB3AE0E00017ED8 /* PBXContainerItemProxy */ = {
			isa = PBXContainerItemProxy;
			containerPortal = 59A825461AB3AE0E00017ED8 /* Project object */;
			proxyType = 1;
			remoteGlobalIDString = 59A8254D1AB3AE0E00017ED8;
			remoteInfo = "Breakfast Burrito Friday";
		};
/* End PBXContainerItemProxy section */

/* Begin PBXFileReference section */
		133B1B1E3B5585545AA16C49 /* Pods_Breakfast_Burrito_Friday.framework */ = {isa = PBXFileReference; explicitFileType = wrapper.framework; includeInIndex = 0; path = Pods_Breakfast_Burrito_Friday.framework; sourceTree = BUILT_PRODUCTS_DIR; };
		1DE9DEC228A5D6D5530F86A6 /* Pods-Breakfast Burrito Friday.release.xcconfig */ = {isa = PBXFileReference; includeInIndex = 1; lastKnownFileType = text.xcconfig; name = "Pods-Breakfast Burrito Friday.release.xcconfig"; path = "Pods/Target Support Files/Pods-Breakfast Burrito Friday/Pods-Breakfast Burrito Friday.release.xcconfig"; sourceTree = "<group>"; };
		2503D42C9CDB7EFEB0302620 /* libPods.a */ = {isa = PBXFileReference; explicitFileType = archive.ar; includeInIndex = 0; path = libPods.a; sourceTree = BUILT_PRODUCTS_DIR; };
		25BAD859BEB6BB2201D19E8A /* Pods_Breakfast_Burrito_FridayTests.framework */ = {isa = PBXFileReference; explicitFileType = wrapper.framework; includeInIndex = 0; path = Pods_Breakfast_Burrito_FridayTests.framework; sourceTree = BUILT_PRODUCTS_DIR; };
		29967048D157BF2F300099F5 /* Pods-Breakfast Burrito Friday.debug.xcconfig */ = {isa = PBXFileReference; includeInIndex = 1; lastKnownFileType = text.xcconfig; name = "Pods-Breakfast Burrito Friday.debug.xcconfig"; path = "Pods/Target Support Files/Pods-Breakfast Burrito Friday/Pods-Breakfast Burrito Friday.debug.xcconfig"; sourceTree = "<group>"; };
		2C01CF87A3658DE36E0813EF /* Pods.release.xcconfig */ = {isa = PBXFileReference; includeInIndex = 1; lastKnownFileType = text.xcconfig; name = Pods.release.xcconfig; path = "Pods/Target Support Files/Pods/Pods.release.xcconfig"; sourceTree = "<group>"; };
		35A2EED5888FC58F2C357D87 /* Pods.debug.xcconfig */ = {isa = PBXFileReference; includeInIndex = 1; lastKnownFileType = text.xcconfig; name = Pods.debug.xcconfig; path = "Pods/Target Support Files/Pods/Pods.debug.xcconfig"; sourceTree = "<group>"; };
		592E87301B1E3165006670AE /* Breakfast Burrito Friday-Bridging-Header.h */ = {isa = PBXFileReference; lastKnownFileType = sourcecode.c.h; path = "Breakfast Burrito Friday-Bridging-Header.h"; sourceTree = "<group>"; };
		592E87331B1F67F5006670AE /* burritoYay.jpg */ = {isa = PBXFileReference; lastKnownFileType = image.jpeg; path = burritoYay.jpg; sourceTree = "<group>"; };
		592E87351B1F83D5006670AE /* LoginViewController.swift */ = {isa = PBXFileReference; fileEncoding = 4; lastKnownFileType = sourcecode.swift; path = LoginViewController.swift; sourceTree = "<group>"; };
		592E87371B1F962E006670AE /* CreateLoginViewController.swift */ = {isa = PBXFileReference; fileEncoding = 4; lastKnownFileType = sourcecode.swift; path = CreateLoginViewController.swift; sourceTree = "<group>"; };
		592E873B1B20EEFE006670AE /* UserSettingsViewController.swift */ = {isa = PBXFileReference; fileEncoding = 4; lastKnownFileType = sourcecode.swift; path = UserSettingsViewController.swift; sourceTree = "<group>"; };
		5935DEA61B2B185E003D0BDF /* MyBurritosViewController.swift */ = {isa = PBXFileReference; fileEncoding = 4; lastKnownFileType = sourcecode.swift; path = MyBurritosViewController.swift; sourceTree = "<group>"; };
		5935DEA81B307741003D0BDF /* Main.storyboard */ = {isa = PBXFileReference; fileEncoding = 4; lastKnownFileType = file.storyboard; path = Main.storyboard; sourceTree = "<group>"; };
		5948A0F51B4C79D000395FD5 /* ImageIO.framework */ = {isa = PBXFileReference; lastKnownFileType = wrapper.framework; name = ImageIO.framework; path = System/Library/Frameworks/ImageIO.framework; sourceTree = SDKROOT; };
		5948A0F71B4C7A2A00395FD5 /* PPSwiftGifs.swift */ = {isa = PBXFileReference; fileEncoding = 4; lastKnownFileType = sourcecode.swift; path = PPSwiftGifs.swift; sourceTree = "<group>"; };
		5986783C1AB917E500098902 /* BurritoTableViewController.swift */ = {isa = PBXFileReference; fileEncoding = 4; lastKnownFileType = sourcecode.swift; path = BurritoTableViewController.swift; sourceTree = "<group>"; };
		598678401AB91C9900098902 /* BurritoTableViewCell.swift */ = {isa = PBXFileReference; fileEncoding = 4; lastKnownFileType = sourcecode.swift; path = BurritoTableViewCell.swift; sourceTree = "<group>"; };
		598681141B5414F100FE9FE2 /* ShadowsIntoLightTwo-Regular.ttf */ = {isa = PBXFileReference; lastKnownFileType = file; path = "ShadowsIntoLightTwo-Regular.ttf"; sourceTree = "<group>"; };
		598681171B54190300FE9FE2 /* RobotoCondensed-Bold.ttf */ = {isa = PBXFileReference; lastKnownFileType = file; path = "RobotoCondensed-Bold.ttf"; sourceTree = "<group>"; };
		598681181B54190300FE9FE2 /* RobotoCondensed-BoldItalic.ttf */ = {isa = PBXFileReference; lastKnownFileType = file; path = "RobotoCondensed-BoldItalic.ttf"; sourceTree = "<group>"; };
		598681191B54190300FE9FE2 /* RobotoCondensed-Italic.ttf */ = {isa = PBXFileReference; lastKnownFileType = file; path = "RobotoCondensed-Italic.ttf"; sourceTree = "<group>"; };
		5986811A1B54190300FE9FE2 /* RobotoCondensed-Light.ttf */ = {isa = PBXFileReference; lastKnownFileType = file; path = "RobotoCondensed-Light.ttf"; sourceTree = "<group>"; };
		5986811B1B54190300FE9FE2 /* RobotoCondensed-LightItalic.ttf */ = {isa = PBXFileReference; lastKnownFileType = file; path = "RobotoCondensed-LightItalic.ttf"; sourceTree = "<group>"; };
		5986811C1B54190300FE9FE2 /* RobotoCondensed-Regular.ttf */ = {isa = PBXFileReference; lastKnownFileType = file; path = "RobotoCondensed-Regular.ttf"; sourceTree = "<group>"; };
		59A8254E1AB3AE0E00017ED8 /* Breakfast Burrito Friday.app */ = {isa = PBXFileReference; explicitFileType = wrapper.application; includeInIndex = 0; path = "Breakfast Burrito Friday.app"; sourceTree = BUILT_PRODUCTS_DIR; };
		59A825521AB3AE0E00017ED8 /* Info.plist */ = {isa = PBXFileReference; lastKnownFileType = text.plist.xml; path = Info.plist; sourceTree = "<group>"; };
		59A825531AB3AE0E00017ED8 /* AppDelegate.swift */ = {isa = PBXFileReference; lastKnownFileType = sourcecode.swift; path = AppDelegate.swift; sourceTree = "<group>"; };
		59A825561AB3AE0E00017ED8 /* Breakfast_Burrito_Friday.xcdatamodel */ = {isa = PBXFileReference; lastKnownFileType = wrapper.xcdatamodel; path = Breakfast_Burrito_Friday.xcdatamodel; sourceTree = "<group>"; };
		59A825581AB3AE0E00017ED8 /* ViewController.swift */ = {isa = PBXFileReference; lastKnownFileType = sourcecode.swift; path = ViewController.swift; sourceTree = "<group>"; };
		59A8255D1AB3AE0E00017ED8 /* Images.xcassets */ = {isa = PBXFileReference; lastKnownFileType = folder.assetcatalog; path = Images.xcassets; sourceTree = "<group>"; };
		59A825601AB3AE0E00017ED8 /* Base */ = {isa = PBXFileReference; lastKnownFileType = file.xib; name = Base; path = Base.lproj/LaunchScreen.xib; sourceTree = "<group>"; };
		59A825661AB3AE0E00017ED8 /* Breakfast Burrito FridayTests.xctest */ = {isa = PBXFileReference; explicitFileType = wrapper.cfbundle; includeInIndex = 0; path = "Breakfast Burrito FridayTests.xctest"; sourceTree = BUILT_PRODUCTS_DIR; };
		59A8256B1AB3AE0E00017ED8 /* Info.plist */ = {isa = PBXFileReference; lastKnownFileType = text.plist.xml; path = Info.plist; sourceTree = "<group>"; };
		59A8256C1AB3AE0E00017ED8 /* Breakfast_Burrito_FridayTests.swift */ = {isa = PBXFileReference; lastKnownFileType = sourcecode.swift; path = Breakfast_Burrito_FridayTests.swift; sourceTree = "<group>"; };
		59C4A8DF1B5F27C800D46B9C /* Burrito Me.png */ = {isa = PBXFileReference; lastKnownFileType = image.png; path = "Burrito Me.png"; sourceTree = "<group>"; };
		59C4A8E01B5F27C800D46B9C /* Settings.png */ = {isa = PBXFileReference; lastKnownFileType = image.png; path = Settings.png; sourceTree = "<group>"; };
		59C4A8E11B5F27C800D46B9C /* Team.png */ = {isa = PBXFileReference; lastKnownFileType = image.png; path = Team.png; sourceTree = "<group>"; };
		59C4A8E21B5F27C800D46B9C /* Stats.png */ = {isa = PBXFileReference; lastKnownFileType = image.png; path = Stats.png; sourceTree = "<group>"; };
		59C4A8E71B61313D00D46B9C /* TeamViewController.swift */ = {isa = PBXFileReference; fileEncoding = 4; lastKnownFileType = sourcecode.swift; path = TeamViewController.swift; sourceTree = "<group>"; };
		7079D70288A083CEAE879C8A /* Pods-Breakfast Burrito FridayTests.release.xcconfig */ = {isa = PBXFileReference; includeInIndex = 1; lastKnownFileType = text.xcconfig; name = "Pods-Breakfast Burrito FridayTests.release.xcconfig"; path = "Pods/Target Support Files/Pods-Breakfast Burrito FridayTests/Pods-Breakfast Burrito FridayTests.release.xcconfig"; sourceTree = "<group>"; };
		A6461A706AACF31AB305697C /* Pods-Breakfast Burrito FridayTests.debug.xcconfig */ = {isa = PBXFileReference; includeInIndex = 1; lastKnownFileType = text.xcconfig; name = "Pods-Breakfast Burrito FridayTests.debug.xcconfig"; path = "Pods/Target Support Files/Pods-Breakfast Burrito FridayTests/Pods-Breakfast Burrito FridayTests.debug.xcconfig"; sourceTree = "<group>"; };
/* End PBXFileReference section */

/* Begin PBXFrameworksBuildPhase section */
		59A8254B1AB3AE0E00017ED8 /* Frameworks */ = {
			isa = PBXFrameworksBuildPhase;
			buildActionMask = 2147483647;
			files = (
				5948A0F61B4C79D000395FD5 /* ImageIO.framework in Frameworks */,
				945B1AE8AEE596A01C9FCFAA /* libPods.a in Frameworks */,
				FF9FA3B2F5E3E4CF97465ED4 /* Pods_Breakfast_Burrito_Friday.framework in Frameworks */,
			);
			runOnlyForDeploymentPostprocessing = 0;
		};
		59A825631AB3AE0E00017ED8 /* Frameworks */ = {
			isa = PBXFrameworksBuildPhase;
			buildActionMask = 2147483647;
			files = (
				C450DAB91DD7689B37DC527B /* Pods_Breakfast_Burrito_FridayTests.framework in Frameworks */,
			);
			runOnlyForDeploymentPostprocessing = 0;
		};
/* End PBXFrameworksBuildPhase section */

/* Begin PBXGroup section */
		3B3A8F8794F73801405C0743 /* Frameworks */ = {
			isa = PBXGroup;
			children = (
				5948A0F51B4C79D000395FD5 /* ImageIO.framework */,
				2503D42C9CDB7EFEB0302620 /* libPods.a */,
				133B1B1E3B5585545AA16C49 /* Pods_Breakfast_Burrito_Friday.framework */,
				25BAD859BEB6BB2201D19E8A /* Pods_Breakfast_Burrito_FridayTests.framework */,
			);
			name = Frameworks;
			sourceTree = "<group>";
		};
		598681151B54154800FE9FE2 /* Resources */ = {
			isa = PBXGroup;
			children = (
				598681171B54190300FE9FE2 /* RobotoCondensed-Bold.ttf */,
				598681181B54190300FE9FE2 /* RobotoCondensed-BoldItalic.ttf */,
				598681191B54190300FE9FE2 /* RobotoCondensed-Italic.ttf */,
				5986811A1B54190300FE9FE2 /* RobotoCondensed-Light.ttf */,
				5986811B1B54190300FE9FE2 /* RobotoCondensed-LightItalic.ttf */,
				5986811C1B54190300FE9FE2 /* RobotoCondensed-Regular.ttf */,
				598681141B5414F100FE9FE2 /* ShadowsIntoLightTwo-Regular.ttf */,
			);
			name = Resources;
			sourceTree = "<group>";
		};
		59A825451AB3AE0E00017ED8 = {
			isa = PBXGroup;
			children = (
				59A825501AB3AE0E00017ED8 /* Breakfast Burrito Friday */,
				59A825691AB3AE0E00017ED8 /* Breakfast Burrito FridayTests */,
				59A8254F1AB3AE0E00017ED8 /* Products */,
				C8B354B0730F904DBE6D70B6 /* Pods */,
				3B3A8F8794F73801405C0743 /* Frameworks */,
			);
			sourceTree = "<group>";
		};
		59A8254F1AB3AE0E00017ED8 /* Products */ = {
			isa = PBXGroup;
			children = (
				59A8254E1AB3AE0E00017ED8 /* Breakfast Burrito Friday.app */,
				59A825661AB3AE0E00017ED8 /* Breakfast Burrito FridayTests.xctest */,
			);
			name = Products;
			sourceTree = "<group>";
		};
		59A825501AB3AE0E00017ED8 /* Breakfast Burrito Friday */ = {
			isa = PBXGroup;
			children = (
				598681151B54154800FE9FE2 /* Resources */,
				59A825531AB3AE0E00017ED8 /* AppDelegate.swift */,
				59A825581AB3AE0E00017ED8 /* ViewController.swift */,
				5935DEA61B2B185E003D0BDF /* MyBurritosViewController.swift */,
				59C4A8E71B61313D00D46B9C /* TeamViewController.swift */,
				5948A0F71B4C7A2A00395FD5 /* PPSwiftGifs.swift */,
				592E873B1B20EEFE006670AE /* UserSettingsViewController.swift */,
				592E87371B1F962E006670AE /* CreateLoginViewController.swift */,
				5935DEA81B307741003D0BDF /* Main.storyboard */,
				592E87351B1F83D5006670AE /* LoginViewController.swift */,
				5986783C1AB917E500098902 /* BurritoTableViewController.swift */,
				598678401AB91C9900098902 /* BurritoTableViewCell.swift */,
				59A8255D1AB3AE0E00017ED8 /* Images.xcassets */,
				59A825551AB3AE0E00017ED8 /* Breakfast_Burrito_Friday.xcdatamodeld */,
				59A8255F1AB3AE0E00017ED8 /* LaunchScreen.xib */,
				59A825511AB3AE0E00017ED8 /* Supporting Files */,
				592E87301B1E3165006670AE /* Breakfast Burrito Friday-Bridging-Header.h */,
			);
			path = "Breakfast Burrito Friday";
			sourceTree = "<group>";
		};
		59A825511AB3AE0E00017ED8 /* Supporting Files */ = {
			isa = PBXGroup;
			children = (
				59C4A8DF1B5F27C800D46B9C /* Burrito Me.png */,
				59C4A8E01B5F27C800D46B9C /* Settings.png */,
				59C4A8E11B5F27C800D46B9C /* Team.png */,
				59C4A8E21B5F27C800D46B9C /* Stats.png */,
				592E87331B1F67F5006670AE /* burritoYay.jpg */,
				59A825521AB3AE0E00017ED8 /* Info.plist */,
			);
			name = "Supporting Files";
			sourceTree = "<group>";
		};
		59A825691AB3AE0E00017ED8 /* Breakfast Burrito FridayTests */ = {
			isa = PBXGroup;
			children = (
				59A8256C1AB3AE0E00017ED8 /* Breakfast_Burrito_FridayTests.swift */,
				59A8256A1AB3AE0E00017ED8 /* Supporting Files */,
			);
			path = "Breakfast Burrito FridayTests";
			sourceTree = "<group>";
		};
		59A8256A1AB3AE0E00017ED8 /* Supporting Files */ = {
			isa = PBXGroup;
			children = (
				59A8256B1AB3AE0E00017ED8 /* Info.plist */,
			);
			name = "Supporting Files";
			sourceTree = "<group>";
		};
		C8B354B0730F904DBE6D70B6 /* Pods */ = {
			isa = PBXGroup;
			children = (
				35A2EED5888FC58F2C357D87 /* Pods.debug.xcconfig */,
				2C01CF87A3658DE36E0813EF /* Pods.release.xcconfig */,
				29967048D157BF2F300099F5 /* Pods-Breakfast Burrito Friday.debug.xcconfig */,
				1DE9DEC228A5D6D5530F86A6 /* Pods-Breakfast Burrito Friday.release.xcconfig */,
				A6461A706AACF31AB305697C /* Pods-Breakfast Burrito FridayTests.debug.xcconfig */,
				7079D70288A083CEAE879C8A /* Pods-Breakfast Burrito FridayTests.release.xcconfig */,
			);
			name = Pods;
			sourceTree = "<group>";
		};
/* End PBXGroup section */

/* Begin PBXNativeTarget section */
		59A8254D1AB3AE0E00017ED8 /* Breakfast Burrito Friday */ = {
			isa = PBXNativeTarget;
			buildConfigurationList = 59A825701AB3AE0E00017ED8 /* Build configuration list for PBXNativeTarget "Breakfast Burrito Friday" */;
			buildPhases = (
				9F2AC66F08AF758249FDC21D /* Check Pods Manifest.lock */,
				59A8254A1AB3AE0E00017ED8 /* Sources */,
				59A8254B1AB3AE0E00017ED8 /* Frameworks */,
				59A8254C1AB3AE0E00017ED8 /* Resources */,
				DD6C4A2449DF0B712B82C4BA /* Copy Pods Resources */,
				B765B85DF6FDDE79AD9465B1 /* Embed Pods Frameworks */,
			);
			buildRules = (
			);
			dependencies = (
			);
			name = "Breakfast Burrito Friday";
			productName = "Breakfast Burrito Friday";
			productReference = 59A8254E1AB3AE0E00017ED8 /* Breakfast Burrito Friday.app */;
			productType = "com.apple.product-type.application";
		};
		59A825651AB3AE0E00017ED8 /* Breakfast Burrito FridayTests */ = {
			isa = PBXNativeTarget;
			buildConfigurationList = 59A825731AB3AE0E00017ED8 /* Build configuration list for PBXNativeTarget "Breakfast Burrito FridayTests" */;
			buildPhases = (
				AD9D1572484B2F92E8B2C290 /* Check Pods Manifest.lock */,
				59A825621AB3AE0E00017ED8 /* Sources */,
				59A825631AB3AE0E00017ED8 /* Frameworks */,
				59A825641AB3AE0E00017ED8 /* Resources */,
				4DC606C7B260881C077AEA6B /* Embed Pods Frameworks */,
				EBE7EA7232FE427D32767B8A /* Copy Pods Resources */,
			);
			buildRules = (
			);
			dependencies = (
				59A825681AB3AE0E00017ED8 /* PBXTargetDependency */,
			);
			name = "Breakfast Burrito FridayTests";
			productName = "Breakfast Burrito FridayTests";
			productReference = 59A825661AB3AE0E00017ED8 /* Breakfast Burrito FridayTests.xctest */;
			productType = "com.apple.product-type.bundle.unit-test";
		};
/* End PBXNativeTarget section */

/* Begin PBXProject section */
		59A825461AB3AE0E00017ED8 /* Project object */ = {
			isa = PBXProject;
			attributes = {
				LastUpgradeCheck = 0610;
				ORGANIZATIONNAME = "Mackenzie Fernandez";
				TargetAttributes = {
					59A8254D1AB3AE0E00017ED8 = {
						CreatedOnToolsVersion = 6.1.1;
					};
					59A825651AB3AE0E00017ED8 = {
						CreatedOnToolsVersion = 6.1.1;
						TestTargetID = 59A8254D1AB3AE0E00017ED8;
					};
				};
			};
			buildConfigurationList = 59A825491AB3AE0E00017ED8 /* Build configuration list for PBXProject "Breakfast Burrito Friday" */;
			compatibilityVersion = "Xcode 3.2";
			developmentRegion = English;
			hasScannedForEncodings = 0;
			knownRegions = (
				en,
				Base,
			);
			mainGroup = 59A825451AB3AE0E00017ED8;
			productRefGroup = 59A8254F1AB3AE0E00017ED8 /* Products */;
			projectDirPath = "";
			projectRoot = "";
			targets = (
				59A8254D1AB3AE0E00017ED8 /* Breakfast Burrito Friday */,
				59A825651AB3AE0E00017ED8 /* Breakfast Burrito FridayTests */,
			);
		};
/* End PBXProject section */

/* Begin PBXResourcesBuildPhase section */
		59A8254C1AB3AE0E00017ED8 /* Resources */ = {
			isa = PBXResourcesBuildPhase;
			buildActionMask = 2147483647;
			files = (
				59A825611AB3AE0E00017ED8 /* LaunchScreen.xib in Resources */,
				598681161B54159100FE9FE2 /* ShadowsIntoLightTwo-Regular.ttf in Resources */,
				598681211B54190300FE9FE2 /* RobotoCondensed-LightItalic.ttf in Resources */,
				5935DEA91B307741003D0BDF /* Main.storyboard in Resources */,
				59A8255E1AB3AE0E00017ED8 /* Images.xcassets in Resources */,
				598681201B54190300FE9FE2 /* RobotoCondensed-Light.ttf in Resources */,
				59C4A8E31B5F27C800D46B9C /* Burrito Me.png in Resources */,
				598681221B54190300FE9FE2 /* RobotoCondensed-Regular.ttf in Resources */,
				5986811D1B54190300FE9FE2 /* RobotoCondensed-Bold.ttf in Resources */,
				5986811F1B54190300FE9FE2 /* RobotoCondensed-Italic.ttf in Resources */,
				59C4A8E51B5F27C800D46B9C /* Team.png in Resources */,
				59C4A8E61B5F27C800D46B9C /* Stats.png in Resources */,
				59C4A8E41B5F27C800D46B9C /* Settings.png in Resources */,
				5986811E1B54190300FE9FE2 /* RobotoCondensed-BoldItalic.ttf in Resources */,
				592E87341B1F67F5006670AE /* burritoYay.jpg in Resources */,
			);
			runOnlyForDeploymentPostprocessing = 0;
		};
		59A825641AB3AE0E00017ED8 /* Resources */ = {
			isa = PBXResourcesBuildPhase;
			buildActionMask = 2147483647;
			files = (
			);
			runOnlyForDeploymentPostprocessing = 0;
		};
/* End PBXResourcesBuildPhase section */

/* Begin PBXShellScriptBuildPhase section */
		4DC606C7B260881C077AEA6B /* Embed Pods Frameworks */ = {
			isa = PBXShellScriptBuildPhase;
			buildActionMask = 2147483647;
			files = (
			);
			inputPaths = (
			);
			name = "Embed Pods Frameworks";
			outputPaths = (
			);
			runOnlyForDeploymentPostprocessing = 0;
			shellPath = /bin/sh;
			shellScript = "\"${SRCROOT}/Pods/Target Support Files/Pods-Breakfast Burrito FridayTests/Pods-Breakfast Burrito FridayTests-frameworks.sh\"\n";
			showEnvVarsInLog = 0;
		};
		9F2AC66F08AF758249FDC21D /* Check Pods Manifest.lock */ = {
			isa = PBXShellScriptBuildPhase;
			buildActionMask = 2147483647;
			files = (
			);
			inputPaths = (
			);
			name = "Check Pods Manifest.lock";
			outputPaths = (
			);
			runOnlyForDeploymentPostprocessing = 0;
			shellPath = /bin/sh;
			shellScript = "diff \"${PODS_ROOT}/../Podfile.lock\" \"${PODS_ROOT}/Manifest.lock\" > /dev/null\nif [[ $? != 0 ]] ; then\n    cat << EOM\nerror: The sandbox is not in sync with the Podfile.lock. Run 'pod install' or update your CocoaPods installation.\nEOM\n    exit 1\nfi\n";
			showEnvVarsInLog = 0;
		};
		AD9D1572484B2F92E8B2C290 /* Check Pods Manifest.lock */ = {
			isa = PBXShellScriptBuildPhase;
			buildActionMask = 2147483647;
			files = (
			);
			inputPaths = (
			);
			name = "Check Pods Manifest.lock";
			outputPaths = (
			);
			runOnlyForDeploymentPostprocessing = 0;
			shellPath = /bin/sh;
			shellScript = "diff \"${PODS_ROOT}/../Podfile.lock\" \"${PODS_ROOT}/Manifest.lock\" > /dev/null\nif [[ $? != 0 ]] ; then\n    cat << EOM\nerror: The sandbox is not in sync with the Podfile.lock. Run 'pod install' or update your CocoaPods installation.\nEOM\n    exit 1\nfi\n";
			showEnvVarsInLog = 0;
		};
		B765B85DF6FDDE79AD9465B1 /* Embed Pods Frameworks */ = {
			isa = PBXShellScriptBuildPhase;
			buildActionMask = 2147483647;
			files = (
			);
			inputPaths = (
			);
			name = "Embed Pods Frameworks";
			outputPaths = (
			);
			runOnlyForDeploymentPostprocessing = 0;
			shellPath = /bin/sh;
			shellScript = "\"${SRCROOT}/Pods/Target Support Files/Pods-Breakfast Burrito Friday/Pods-Breakfast Burrito Friday-frameworks.sh\"\n";
			showEnvVarsInLog = 0;
		};
		DD6C4A2449DF0B712B82C4BA /* Copy Pods Resources */ = {
			isa = PBXShellScriptBuildPhase;
			buildActionMask = 2147483647;
			files = (
			);
			inputPaths = (
			);
			name = "Copy Pods Resources";
			outputPaths = (
			);
			runOnlyForDeploymentPostprocessing = 0;
			shellPath = /bin/sh;
			shellScript = "\"${SRCROOT}/Pods/Target Support Files/Pods-Breakfast Burrito Friday/Pods-Breakfast Burrito Friday-resources.sh\"\n";
			showEnvVarsInLog = 0;
		};
		EBE7EA7232FE427D32767B8A /* Copy Pods Resources */ = {
			isa = PBXShellScriptBuildPhase;
			buildActionMask = 2147483647;
			files = (
			);
			inputPaths = (
			);
			name = "Copy Pods Resources";
			outputPaths = (
			);
			runOnlyForDeploymentPostprocessing = 0;
			shellPath = /bin/sh;
			shellScript = "\"${SRCROOT}/Pods/Target Support Files/Pods-Breakfast Burrito FridayTests/Pods-Breakfast Burrito FridayTests-resources.sh\"\n";
			showEnvVarsInLog = 0;
		};
/* End PBXShellScriptBuildPhase section */

/* Begin PBXSourcesBuildPhase section */
		59A8254A1AB3AE0E00017ED8 /* Sources */ = {
			isa = PBXSourcesBuildPhase;
			buildActionMask = 2147483647;
			files = (
				592E87361B1F83D5006670AE /* LoginViewController.swift in Sources */,
				59A825591AB3AE0E00017ED8 /* ViewController.swift in Sources */,
				59A825571AB3AE0E00017ED8 /* Breakfast_Burrito_Friday.xcdatamodeld in Sources */,
				592E87381B1F962E006670AE /* CreateLoginViewController.swift in Sources */,
				592E873C1B20EEFE006670AE /* UserSettingsViewController.swift in Sources */,
				5986783D1AB917E500098902 /* BurritoTableViewController.swift in Sources */,
				59A825541AB3AE0E00017ED8 /* AppDelegate.swift in Sources */,
				598678411AB91C9900098902 /* BurritoTableViewCell.swift in Sources */,
				5948A0F81B4C7A2A00395FD5 /* PPSwiftGifs.swift in Sources */,
				59C4A8E81B61313D00D46B9C /* TeamViewController.swift in Sources */,
				5935DEA71B2B185E003D0BDF /* MyBurritosViewController.swift in Sources */,
			);
			runOnlyForDeploymentPostprocessing = 0;
		};
		59A825621AB3AE0E00017ED8 /* Sources */ = {
			isa = PBXSourcesBuildPhase;
			buildActionMask = 2147483647;
			files = (
				59A8256D1AB3AE0E00017ED8 /* Breakfast_Burrito_FridayTests.swift in Sources */,
			);
			runOnlyForDeploymentPostprocessing = 0;
		};
/* End PBXSourcesBuildPhase section */

/* Begin PBXTargetDependency section */
		59A825681AB3AE0E00017ED8 /* PBXTargetDependency */ = {
			isa = PBXTargetDependency;
			target = 59A8254D1AB3AE0E00017ED8 /* Breakfast Burrito Friday */;
			targetProxy = 59A825671AB3AE0E00017ED8 /* PBXContainerItemProxy */;
		};
/* End PBXTargetDependency section */

/* Begin PBXVariantGroup section */
		59A8255F1AB3AE0E00017ED8 /* LaunchScreen.xib */ = {
			isa = PBXVariantGroup;
			children = (
				59A825601AB3AE0E00017ED8 /* Base */,
			);
			name = LaunchScreen.xib;
			sourceTree = "<group>";
		};
/* End PBXVariantGroup section */

/* Begin XCBuildConfiguration section */
		59A8256E1AB3AE0E00017ED8 /* Debug */ = {
			isa = XCBuildConfiguration;
			buildSettings = {
				ALWAYS_SEARCH_USER_PATHS = NO;
				CLANG_CXX_LANGUAGE_STANDARD = "gnu++0x";
				CLANG_CXX_LIBRARY = "libc++";
				CLANG_ENABLE_MODULES = YES;
				CLANG_ENABLE_OBJC_ARC = YES;
				CLANG_WARN_BOOL_CONVERSION = YES;
				CLANG_WARN_CONSTANT_CONVERSION = YES;
				CLANG_WARN_DIRECT_OBJC_ISA_USAGE = YES_ERROR;
				CLANG_WARN_EMPTY_BODY = YES;
				CLANG_WARN_ENUM_CONVERSION = YES;
				CLANG_WARN_INT_CONVERSION = YES;
				CLANG_WARN_OBJC_ROOT_CLASS = YES_ERROR;
				CLANG_WARN_UNREACHABLE_CODE = YES;
				CLANG_WARN__DUPLICATE_METHOD_MATCH = YES;
				"CODE_SIGN_IDENTITY[sdk=iphoneos*]" = "iPhone Developer";
				COPY_PHASE_STRIP = NO;
				ENABLE_STRICT_OBJC_MSGSEND = YES;
				GCC_C_LANGUAGE_STANDARD = gnu99;
				GCC_DYNAMIC_NO_PIC = NO;
				GCC_OPTIMIZATION_LEVEL = 0;
				GCC_PREPROCESSOR_DEFINITIONS = (
					"DEBUG=1",
					"$(inherited)",
				);
				GCC_SYMBOLS_PRIVATE_EXTERN = NO;
				GCC_WARN_64_TO_32_BIT_CONVERSION = YES;
				GCC_WARN_ABOUT_RETURN_TYPE = YES_ERROR;
				GCC_WARN_UNDECLARED_SELECTOR = YES;
				GCC_WARN_UNINITIALIZED_AUTOS = YES_AGGRESSIVE;
				GCC_WARN_UNUSED_FUNCTION = YES;
				GCC_WARN_UNUSED_VARIABLE = YES;
				IPHONEOS_DEPLOYMENT_TARGET = 8.1;
				MTL_ENABLE_DEBUG_INFO = YES;
				ONLY_ACTIVE_ARCH = YES;
				SDKROOT = iphoneos;
				SWIFT_OPTIMIZATION_LEVEL = "-Onone";
				TARGETED_DEVICE_FAMILY = "1,2";
			};
			name = Debug;
		};
		59A8256F1AB3AE0E00017ED8 /* Release */ = {
			isa = XCBuildConfiguration;
			buildSettings = {
				ALWAYS_SEARCH_USER_PATHS = NO;
				CLANG_CXX_LANGUAGE_STANDARD = "gnu++0x";
				CLANG_CXX_LIBRARY = "libc++";
				CLANG_ENABLE_MODULES = YES;
				CLANG_ENABLE_OBJC_ARC = YES;
				CLANG_WARN_BOOL_CONVERSION = YES;
				CLANG_WARN_CONSTANT_CONVERSION = YES;
				CLANG_WARN_DIRECT_OBJC_ISA_USAGE = YES_ERROR;
				CLANG_WARN_EMPTY_BODY = YES;
				CLANG_WARN_ENUM_CONVERSION = YES;
				CLANG_WARN_INT_CONVERSION = YES;
				CLANG_WARN_OBJC_ROOT_CLASS = YES_ERROR;
				CLANG_WARN_UNREACHABLE_CODE = YES;
				CLANG_WARN__DUPLICATE_METHOD_MATCH = YES;
				"CODE_SIGN_IDENTITY[sdk=iphoneos*]" = "iPhone Developer";
				COPY_PHASE_STRIP = YES;
				ENABLE_NS_ASSERTIONS = NO;
				ENABLE_STRICT_OBJC_MSGSEND = YES;
				GCC_C_LANGUAGE_STANDARD = gnu99;
				GCC_WARN_64_TO_32_BIT_CONVERSION = YES;
				GCC_WARN_ABOUT_RETURN_TYPE = YES_ERROR;
				GCC_WARN_UNDECLARED_SELECTOR = YES;
				GCC_WARN_UNINITIALIZED_AUTOS = YES_AGGRESSIVE;
				GCC_WARN_UNUSED_FUNCTION = YES;
				GCC_WARN_UNUSED_VARIABLE = YES;
				IPHONEOS_DEPLOYMENT_TARGET = 8.1;
				MTL_ENABLE_DEBUG_INFO = NO;
				SDKROOT = iphoneos;
				TARGETED_DEVICE_FAMILY = "1,2";
				VALIDATE_PRODUCT = YES;
			};
			name = Release;
		};
		59A825711AB3AE0E00017ED8 /* Debug */ = {
			isa = XCBuildConfiguration;
			baseConfigurationReference = 29967048D157BF2F300099F5 /* Pods-Breakfast Burrito Friday.debug.xcconfig */;
			buildSettings = {
				ASSETCATALOG_COMPILER_APPICON_NAME = AppIcon;
				CLANG_ENABLE_MODULES = YES;
				INFOPLIST_FILE = "Breakfast Burrito Friday/Info.plist";
				LD_RUNPATH_SEARCH_PATHS = "$(inherited) @executable_path/Frameworks";
				PRODUCT_NAME = "$(TARGET_NAME)";
				SWIFT_OBJC_BRIDGING_HEADER = "Breakfast Burrito Friday/Breakfast Burrito Friday-Bridging-Header.h";
				SWIFT_OPTIMIZATION_LEVEL = "-Onone";
			};
			name = Debug;
		};
		59A825721AB3AE0E00017ED8 /* Release */ = {
			isa = XCBuildConfiguration;
			baseConfigurationReference = 1DE9DEC228A5D6D5530F86A6 /* Pods-Breakfast Burrito Friday.release.xcconfig */;
			buildSettings = {
				ASSETCATALOG_COMPILER_APPICON_NAME = AppIcon;
				CLANG_ENABLE_MODULES = YES;
				INFOPLIST_FILE = "Breakfast Burrito Friday/Info.plist";
				LD_RUNPATH_SEARCH_PATHS = "$(inherited) @executable_path/Frameworks";
				PRODUCT_NAME = "$(TARGET_NAME)";
				SWIFT_OBJC_BRIDGING_HEADER = "Breakfast Burrito Friday/Breakfast Burrito Friday-Bridging-Header.h";
			};
			name = Release;
		};
		59A825741AB3AE0E00017ED8 /* Debug */ = {
			isa = XCBuildConfiguration;
			baseConfigurationReference = A6461A706AACF31AB305697C /* Pods-Breakfast Burrito FridayTests.debug.xcconfig */;
			buildSettings = {
				BUNDLE_LOADER = "$(TEST_HOST)";
				FRAMEWORK_SEARCH_PATHS = (
					"$(SDKROOT)/Developer/Library/Frameworks",
					"$(inherited)",
				);
				GCC_PREPROCESSOR_DEFINITIONS = (
					"DEBUG=1",
					"$(inherited)",
				);
				INFOPLIST_FILE = "Breakfast Burrito FridayTests/Info.plist";
				LD_RUNPATH_SEARCH_PATHS = "$(inherited) @executable_path/Frameworks @loader_path/Frameworks";
				PRODUCT_NAME = "$(TARGET_NAME)";
				TEST_HOST = "$(BUILT_PRODUCTS_DIR)/Breakfast Burrito Friday.app/Breakfast Burrito Friday";
			};
			name = Debug;
		};
		59A825751AB3AE0E00017ED8 /* Release */ = {
			isa = XCBuildConfiguration;
			baseConfigurationReference = 7079D70288A083CEAE879C8A /* Pods-Breakfast Burrito FridayTests.release.xcconfig */;
			buildSettings = {
				BUNDLE_LOADER = "$(TEST_HOST)";
				FRAMEWORK_SEARCH_PATHS = (
					"$(SDKROOT)/Developer/Library/Frameworks",
					"$(inherited)",
				);
				INFOPLIST_FILE = "Breakfast Burrito FridayTests/Info.plist";
				LD_RUNPATH_SEARCH_PATHS = "$(inherited) @executable_path/Frameworks @loader_path/Frameworks";
				PRODUCT_NAME = "$(TARGET_NAME)";
				TEST_HOST = "$(BUILT_PRODUCTS_DIR)/Breakfast Burrito Friday.app/Breakfast Burrito Friday";
			};
			name = Release;
		};
/* End XCBuildConfiguration section */

/* Begin XCConfigurationList section */
		59A825491AB3AE0E00017ED8 /* Build configuration list for PBXProject "Breakfast Burrito Friday" */ = {
			isa = XCConfigurationList;
			buildConfigurations = (
				59A8256E1AB3AE0E00017ED8 /* Debug */,
				59A8256F1AB3AE0E00017ED8 /* Release */,
			);
			defaultConfigurationIsVisible = 0;
			defaultConfigurationName = Release;
		};
		59A825701AB3AE0E00017ED8 /* Build configuration list for PBXNativeTarget "Breakfast Burrito Friday" */ = {
			isa = XCConfigurationList;
			buildConfigurations = (
				59A825711AB3AE0E00017ED8 /* Debug */,
				59A825721AB3AE0E00017ED8 /* Release */,
			);
			defaultConfigurationIsVisible = 0;
			defaultConfigurationName = Release;
		};
		59A825731AB3AE0E00017ED8 /* Build configuration list for PBXNativeTarget "Breakfast Burrito FridayTests" */ = {
			isa = XCConfigurationList;
			buildConfigurations = (
				59A825741AB3AE0E00017ED8 /* Debug */,
				59A825751AB3AE0E00017ED8 /* Release */,
			);
			defaultConfigurationIsVisible = 0;
			defaultConfigurationName = Release;
		};
/* End XCConfigurationList section */

/* Begin XCVersionGroup section */
		59A825551AB3AE0E00017ED8 /* Breakfast_Burrito_Friday.xcdatamodeld */ = {
			isa = XCVersionGroup;
			children = (
				59A825561AB3AE0E00017ED8 /* Breakfast_Burrito_Friday.xcdatamodel */,
			);
			currentVersion = 59A825561AB3AE0E00017ED8 /* Breakfast_Burrito_Friday.xcdatamodel */;
			path = Breakfast_Burrito_Friday.xcdatamodeld;
			sourceTree = "<group>";
			versionGroupType = wrapper.xcdatamodel;
		};
/* End XCVersionGroup section */
	};
	rootObject = 59A825461AB3AE0E00017ED8 /* Project object */;
}
